
Microsoft Visual Studio Solution File, Format Version 12.00
# Visual Studio Version 17
VisualStudioVersion = 17.2.32616.157
MinimumVisualStudioVersion = 10.0.40219.1
Project("{9A19103F-16F7-4668-BE54-9A1E7A4F7556}") = "ViagemAPI", "ViagemAPI\ViagemAPI.csproj", "{1B10678F-A1B4-49D3-BD6C-D37BDA62A53A}"
EndProject
Project("{FAE04EC0-301F-11D3-BF4B-00C04F79EFBC}") = "ViagemApiRepositoryTests", "ViagemApiRepositoryTeste\ViagemApiRepositoryTests.csproj", "{8A0BBEF4-5F7E-4BBA-AE3C-BFE0155E5993}"
EndProject
Project("{FAE04EC0-301F-11D3-BF4B-00C04F79EFBC}") = "ViagemApiServicesTests", "ViagemApiServicesTest\ViagemApiServicesTests.csproj", "{B3B841B3-CDCC-4460-B003-C0E9F15EB48C}"
EndProject
Global
	GlobalSection(SolutionConfigurationPlatforms) = preSolution
		Debug|Any CPU = Debug|Any CPU
		Release|Any CPU = Release|Any CPU
	EndGlobalSection
	GlobalSection(ProjectConfigurationPlatforms) = postSolution
		{1B10678F-A1B4-49D3-BD6C-D37BDA62A53A}.Debug|Any CPU.ActiveCfg = Debug|Any CPU
		{1B10678F-A1B4-49D3-BD6C-D37BDA62A53A}.Debug|Any CPU.Build.0 = Debug|Any CPU
		{1B10678F-A1B4-49D3-BD6C-D37BDA62A53A}.Release|Any CPU.ActiveCfg = Release|Any CPU
		{1B10678F-A1B4-49D3-BD6C-D37BDA62A53A}.Release|Any CPU.Build.0 = Release|Any CPU
		{8A0BBEF4-5F7E-4BBA-AE3C-BFE0155E5993}.Debug|Any CPU.ActiveCfg = Debug|Any CPU
		{8A0BBEF4-5F7E-4BBA-AE3C-BFE0155E5993}.Debug|Any CPU.Build.0 = Debug|Any CPU
		{8A0BBEF4-5F7E-4BBA-AE3C-BFE0155E5993}.Release|Any CPU.ActiveCfg = Release|Any CPU
		{8A0BBEF4-5F7E-4BBA-AE3C-BFE0155E5993}.Release|Any CPU.Build.0 = Release|Any CPU
		{B3B841B3-CDCC-4460-B003-C0E9F15EB48C}.Debug|Any CPU.ActiveCfg = Debug|Any CPU
		{B3B841B3-CDCC-4460-B003-C0E9F15EB48C}.Debug|Any CPU.Build.0 = Debug|Any CPU
		{B3B841B3-CDCC-4460-B003-C0E9F15EB48C}.Release|Any CPU.ActiveCfg = Release|Any CPU
		{B3B841B3-CDCC-4460-B003-C0E9F15EB48C}.Release|Any CPU.Build.0 = Release|Any CPU
	EndGlobalSection
	GlobalSection(SolutionProperties) = preSolution
		HideSolutionNode = FALSE
	EndGlobalSection
	GlobalSection(ExtensibilityGlobals) = postSolution
		SolutionGuid = {790BE54A-0211-42C0-87D9-D58CE054557D}
	EndGlobalSection
EndGlobal
